// !$*UTF8*$!
{
	archiveVersion = 1;
	classes = {
	};
	objectVersion = 50;
	objects = {

/* Begin PBXBuildFile section */
		DC43595124B62F4F002624FE /* serialdevices.cc in Sources */ = {isa = PBXBuildFile; fileRef = DCCCC2DA24A33D3700840082 /* serialdevices.cc */; };
		DC6A476524A54160007E4276 /* Arm.cc in Sources */ = {isa = PBXBuildFile; fileRef = DCCCC2C824A33D3700840082 /* Arm.cc */; };
		DC6A476624A541F1007E4276 /* ArmDisassembler.cc in Sources */ = {isa = PBXBuildFile; fileRef = DCCCC2DC24A33D3700840082 /* ArmDisassembler.cc */; };
		DC6A476924A54541007E4276 /* libz.tbd in Frameworks */ = {isa = PBXBuildFile; fileRef = DC6A476824A54541007E4276 /* libz.tbd */; };
		DC6A476B24A54DA3007E4276 /* CoreFoundation.framework in Frameworks */ = {isa = PBXBuildFile; fileRef = DC6A476A24A54DA3007E4276 /* CoreFoundation.framework */; };
		DC85C5F224AB1BE300CCD72E /* Roms.cfg in Resources */ = {isa = PBXBuildFile; fileRef = DC85C5EA24AB1BE300CCD72E /* Roms.cfg */; };
		DC85C5F324AB1BE300CCD72E /* Phroms.cfg in Resources */ = {isa = PBXBuildFile; fileRef = DC85C5EB24AB1BE300CCD72E /* Phroms.cfg */; };
		DC85C5F424AB1BE300CCD72E /* beebem.ini in Resources */ = {isa = PBXBuildFile; fileRef = DC85C5EC24AB1BE300CCD72E /* beebem.ini */; };
		DC85C5F524AB1BE300CCD72E /* README.txt in Resources */ = {isa = PBXBuildFile; fileRef = DC85C5ED24AB1BE300CCD72E /* README.txt */; };
		DC85C5F624AB1BE300CCD72E /* COPYRIGHT.txt in Resources */ = {isa = PBXBuildFile; fileRef = DC85C5EE24AB1BE300CCD72E /* COPYRIGHT.txt */; };
		DC85C5F724AB1BE300CCD72E /* README_MAC.txt in Resources */ = {isa = PBXBuildFile; fileRef = DC85C5EF24AB1BE300CCD72E /* README_MAC.txt */; };
		DC85C5F824AB1BE300CCD72E /* Roms_Torch.cfg in Resources */ = {isa = PBXBuildFile; fileRef = DC85C5F024AB1BE300CCD72E /* Roms_Torch.cfg */; };
		DC85C5F924AB1BE300CCD72E /* Econet.cfg in Resources */ = {isa = PBXBuildFile; fileRef = DC85C5F124AB1BE300CCD72E /* Econet.cfg */; };
		DC907FDD24B52C8200B99036 /* TapeControlViewController.swift in Sources */ = {isa = PBXBuildFile; fileRef = DC907FDC24B52C8200B99036 /* TapeControlViewController.swift */; };
		DCCCC29F24A338ED00840082 /* AppDelegate.swift in Sources */ = {isa = PBXBuildFile; fileRef = DCCCC29E24A338ED00840082 /* AppDelegate.swift */; };
		DCCCC2A524A338EE00840082 /* Assets.xcassets in Resources */ = {isa = PBXBuildFile; fileRef = DCCCC2A424A338EE00840082 /* Assets.xcassets */; };
		DCCCC2A824A338EE00840082 /* Main.storyboard in Resources */ = {isa = PBXBuildFile; fileRef = DCCCC2A624A338EE00840082 /* Main.storyboard */; };
		DCCCC2B424A3395F00840082 /* DFS image.icns in Resources */ = {isa = PBXBuildFile; fileRef = DCCCC2B224A3395F00840082 /* DFS image.icns */; };
		DCCCC30624A33E2E00840082 /* Z Random BBC file.icns in Resources */ = {isa = PBXBuildFile; fileRef = DCCCC30524A33E2E00840082 /* Z Random BBC file.icns */; };
		DCCCC30A24A33FDB00840082 /* ViewBeeb.swift in Sources */ = {isa = PBXBuildFile; fileRef = DCCCC30924A33FDB00840082 /* ViewBeeb.swift */; };
		DCCCC30B24A3441800840082 /* Document.swift in Sources */ = {isa = PBXBuildFile; fileRef = DCCCC2A224A338ED00840082 /* Document.swift */; };
		DCCCC30D24A3D79B00840082 /* beebview.cpp in Sources */ = {isa = PBXBuildFile; fileRef = DCCCC30C24A3D79B00840082 /* beebview.cpp */; };
		DCCCC30F24A3DCC200840082 /* BeebAudio.swift in Sources */ = {isa = PBXBuildFile; fileRef = DCCCC30E24A3DCC200840082 /* BeebAudio.swift */; };
		DCD4AE1324A4D6970000C40A /* 6502core.cc in Sources */ = {isa = PBXBuildFile; fileRef = DCCCC2D324A33D3700840082 /* 6502core.cc */; };
		DCD4AE1624A4D6970000C40A /* atodconv.cc in Sources */ = {isa = PBXBuildFile; fileRef = DCCCC2D224A33D3700840082 /* atodconv.cc */; };
		DCD4AE1724A4D6970000C40A /* audev-macosx.cc in Sources */ = {isa = PBXBuildFile; fileRef = DCCCC2C424A33D3700840082 /* audev-macosx.cc */; };
		DCD4AE1824A4D6970000C40A /* beebmem.cc in Sources */ = {isa = PBXBuildFile; fileRef = DCCCC2CA24A33D3700840082 /* beebmem.cc */; };
		DCD4AE1924A4D6970000C40A /* beebsound.cc in Sources */ = {isa = PBXBuildFile; fileRef = DCCCC2D424A33D3700840082 /* beebsound.cc */; };
		DCD4AE1A24A4D6970000C40A /* beebwin.cc in Sources */ = {isa = PBXBuildFile; fileRef = DCCCC2C024A33D3700840082 /* beebwin.cc */; };
		DCD4AE1B24A4D6970000C40A /* csw.cc in Sources */ = {isa = PBXBuildFile; fileRef = DCCCC2D824A33D3700840082 /* csw.cc */; };
		DCD4AE1C24A4D6970000C40A /* debug.cc in Sources */ = {isa = PBXBuildFile; fileRef = DCCCC2B824A33D3600840082 /* debug.cc */; };
		DCD4AE1D24A4D6970000C40A /* disc1770.cc in Sources */ = {isa = PBXBuildFile; fileRef = DCCCC2C124A33D3700840082 /* disc1770.cc */; };
		DCD4AE1E24A4D6970000C40A /* disc8271.cc in Sources */ = {isa = PBXBuildFile; fileRef = DCCCC2CE24A33D3700840082 /* disc8271.cc */; };
		DCD4AE1F24A4D6970000C40A /* discedit.cc in Sources */ = {isa = PBXBuildFile; fileRef = DCCCC2B724A33D3600840082 /* discedit.cc */; };
		DCD4AE2024A4D6970000C40A /* econet.cc in Sources */ = {isa = PBXBuildFile; fileRef = DCCCC2DB24A33D3700840082 /* econet.cc */; };
		DCD4AE2224A4D6970000C40A /* i86.cc in Sources */ = {isa = PBXBuildFile; fileRef = DCCCC2D124A33D3700840082 /* i86.cc */; };
		DCD4AE2324A4D6970000C40A /* i386dasm.cc in Sources */ = {isa = PBXBuildFile; fileRef = DCCCC2BA24A33D3600840082 /* i386dasm.cc */; };
		DCD4AE2424A4D6970000C40A /* main.cc in Sources */ = {isa = PBXBuildFile; fileRef = DCCCC2CB24A33D3700840082 /* main.cc */; };
		DCD4AE2524A4D6970000C40A /* plist.cc in Sources */ = {isa = PBXBuildFile; fileRef = DCCCC2B924A33D3600840082 /* plist.cc */; };
		DCD4AE2724A4D6970000C40A /* sasi.cc in Sources */ = {isa = PBXBuildFile; fileRef = DCCCC2C624A33D3700840082 /* sasi.cc */; };
		DCD4AE2824A4D6970000C40A /* scsi.cc in Sources */ = {isa = PBXBuildFile; fileRef = DCCCC2D724A33D3700840082 /* scsi.cc */; };
		DCD4AE2924A4D6970000C40A /* serial.cc in Sources */ = {isa = PBXBuildFile; fileRef = DCCCC2D924A33D3700840082 /* serial.cc */; };
		DCD4AE2B24A4D6970000C40A /* speech.cc in Sources */ = {isa = PBXBuildFile; fileRef = DCCCC2BB24A33D3600840082 /* speech.cc */; };
		DCD4AE2C24A4D6970000C40A /* sysvia.cc in Sources */ = {isa = PBXBuildFile; fileRef = DCCCC2CF24A33D3700840082 /* sysvia.cc */; };
		DCD4AE2D24A4D6970000C40A /* teletext.cc in Sources */ = {isa = PBXBuildFile; fileRef = DCCCC2C324A33D3700840082 /* teletext.cc */; };
		DCD4AE2E24A4D6970000C40A /* tube.cc in Sources */ = {isa = PBXBuildFile; fileRef = DCCCC2C524A33D3700840082 /* tube.cc */; };
		DCD4AE2F24A4D6970000C40A /* uef.cc in Sources */ = {isa = PBXBuildFile; fileRef = DCCCC2D524A33D3700840082 /* uef.cc */; };
		DCD4AE3024A4D6970000C40A /* uefstate.cc in Sources */ = {isa = PBXBuildFile; fileRef = DCCCC2CD24A33D3700840082 /* uefstate.cc */; };
		DCD4AE3124A4D6970000C40A /* userkybd.cc in Sources */ = {isa = PBXBuildFile; fileRef = DCCCC2D024A33D3700840082 /* userkybd.cc */; };
		DCD4AE3224A4D6970000C40A /* uservia.cc in Sources */ = {isa = PBXBuildFile; fileRef = DCCCC2BC24A33D3600840082 /* uservia.cc */; };
		DCD4AE3324A4D6970000C40A /* via.cc in Sources */ = {isa = PBXBuildFile; fileRef = DCCCC2BD24A33D3600840082 /* via.cc */; };
		DCD4AE3424A4D6970000C40A /* video.cc in Sources */ = {isa = PBXBuildFile; fileRef = DCCCC2BE24A33D3700840082 /* video.cc */; };
		DCD4AE3524A4D6970000C40A /* z80_support.cc in Sources */ = {isa = PBXBuildFile; fileRef = DCCCC2D624A33D3700840082 /* z80_support.cc */; };
		DCD4AE3624A4D6970000C40A /* z80.cc in Sources */ = {isa = PBXBuildFile; fileRef = DCCCC2C924A33D3700840082 /* z80.cc */; };
		DCD4AE3724A4D6970000C40A /* z80dis.cc in Sources */ = {isa = PBXBuildFile; fileRef = DCCCC2BF24A33D3700840082 /* z80dis.cc */; };
		DCE7B8B724B09D2300FF4CFB /* beebem5-distribution.zip in Resources */ = {isa = PBXBuildFile; fileRef = DCE7B8B624B09D2300FF4CFB /* beebem5-distribution.zip */; };
		DCF69F3124B325BF006D0DE9 /* BeebEm5-Bridging-Code.swift in Sources */ = {isa = PBXBuildFile; fileRef = DCF69F3024B325BF006D0DE9 /* BeebEm5-Bridging-Code.swift */; };
/* End PBXBuildFile section */

/* Begin PBXFileReference section */
		DC6A476824A54541007E4276 /* libz.tbd */ = {isa = PBXFileReference; lastKnownFileType = "sourcecode.text-based-dylib-definition"; name = libz.tbd; path = usr/lib/libz.tbd; sourceTree = SDKROOT; };
		DC6A476A24A54DA3007E4276 /* CoreFoundation.framework */ = {isa = PBXFileReference; lastKnownFileType = wrapper.framework; name = CoreFoundation.framework; path = System/Library/Frameworks/CoreFoundation.framework; sourceTree = SDKROOT; };
		DC85C5EA24AB1BE300CCD72E /* Roms.cfg */ = {isa = PBXFileReference; fileEncoding = 4; lastKnownFileType = text; path = Roms.cfg; sourceTree = "<group>"; };
		DC85C5EB24AB1BE300CCD72E /* Phroms.cfg */ = {isa = PBXFileReference; fileEncoding = 4; lastKnownFileType = text; path = Phroms.cfg; sourceTree = "<group>"; };
		DC85C5EC24AB1BE300CCD72E /* beebem.ini */ = {isa = PBXFileReference; fileEncoding = 4; lastKnownFileType = text.xml; path = beebem.ini; sourceTree = "<group>"; };
		DC85C5ED24AB1BE300CCD72E /* README.txt */ = {isa = PBXFileReference; fileEncoding = 4; lastKnownFileType = text; path = README.txt; sourceTree = "<group>"; };
		DC85C5EE24AB1BE300CCD72E /* COPYRIGHT.txt */ = {isa = PBXFileReference; fileEncoding = 4; lastKnownFileType = text; path = COPYRIGHT.txt; sourceTree = "<group>"; };
		DC85C5EF24AB1BE300CCD72E /* README_MAC.txt */ = {isa = PBXFileReference; fileEncoding = 4; lastKnownFileType = text; path = README_MAC.txt; sourceTree = "<group>"; };
		DC85C5F024AB1BE300CCD72E /* Roms_Torch.cfg */ = {isa = PBXFileReference; fileEncoding = 4; lastKnownFileType = text; path = Roms_Torch.cfg; sourceTree = "<group>"; };
		DC85C5F124AB1BE300CCD72E /* Econet.cfg */ = {isa = PBXFileReference; fileEncoding = 4; lastKnownFileType = text; path = Econet.cfg; sourceTree = "<group>"; };
		DC907FDC24B52C8200B99036 /* TapeControlViewController.swift */ = {isa = PBXFileReference; lastKnownFileType = sourcecode.swift; path = TapeControlViewController.swift; sourceTree = "<group>"; };
		DCCCC29B24A338ED00840082 /* BeebEm5.app */ = {isa = PBXFileReference; explicitFileType = wrapper.application; includeInIndex = 0; path = BeebEm5.app; sourceTree = BUILT_PRODUCTS_DIR; };
		DCCCC29E24A338ED00840082 /* AppDelegate.swift */ = {isa = PBXFileReference; lastKnownFileType = sourcecode.swift; path = AppDelegate.swift; sourceTree = "<group>"; };
		DCCCC2A224A338ED00840082 /* Document.swift */ = {isa = PBXFileReference; lastKnownFileType = sourcecode.swift; path = Document.swift; sourceTree = "<group>"; };
		DCCCC2A424A338EE00840082 /* Assets.xcassets */ = {isa = PBXFileReference; lastKnownFileType = folder.assetcatalog; path = Assets.xcassets; sourceTree = "<group>"; };
		DCCCC2A724A338EE00840082 /* Base */ = {isa = PBXFileReference; lastKnownFileType = file.storyboard; name = Base; path = Base.lproj/Main.storyboard; sourceTree = "<group>"; };
		DCCCC2A924A338EE00840082 /* Info.plist */ = {isa = PBXFileReference; lastKnownFileType = text.plist.xml; path = Info.plist; sourceTree = "<group>"; };
		DCCCC2AA24A338EE00840082 /* BeebEm5.entitlements */ = {isa = PBXFileReference; lastKnownFileType = text.plist.entitlements; path = BeebEm5.entitlements; sourceTree = "<group>"; };
		DCCCC2B224A3395F00840082 /* DFS image.icns */ = {isa = PBXFileReference; lastKnownFileType = image.icns; name = "DFS image.icns"; path = "src/DFS image.icns"; sourceTree = "<group>"; };
		DCCCC2B624A33D3600840082 /* BeebEm5-Bridging-Header.h */ = {isa = PBXFileReference; lastKnownFileType = sourcecode.c.h; path = "BeebEm5-Bridging-Header.h"; sourceTree = "<group>"; };
		DCCCC2B724A33D3600840082 /* discedit.cc */ = {isa = PBXFileReference; fileEncoding = 4; lastKnownFileType = sourcecode.cpp.cpp; name = discedit.cc; path = src/discedit.cc; sourceTree = "<group>"; };
		DCCCC2B824A33D3600840082 /* debug.cc */ = {isa = PBXFileReference; fileEncoding = 4; lastKnownFileType = sourcecode.cpp.cpp; name = debug.cc; path = src/debug.cc; sourceTree = "<group>"; };
		DCCCC2B924A33D3600840082 /* plist.cc */ = {isa = PBXFileReference; fileEncoding = 4; lastKnownFileType = sourcecode.cpp.cpp; name = plist.cc; path = src/plist.cc; sourceTree = "<group>"; };
		DCCCC2BA24A33D3600840082 /* i386dasm.cc */ = {isa = PBXFileReference; fileEncoding = 4; lastKnownFileType = sourcecode.cpp.cpp; name = i386dasm.cc; path = src/i386dasm.cc; sourceTree = "<group>"; };
		DCCCC2BB24A33D3600840082 /* speech.cc */ = {isa = PBXFileReference; fileEncoding = 4; lastKnownFileType = sourcecode.cpp.cpp; name = speech.cc; path = src/speech.cc; sourceTree = "<group>"; };
		DCCCC2BC24A33D3600840082 /* uservia.cc */ = {isa = PBXFileReference; fileEncoding = 4; lastKnownFileType = sourcecode.cpp.cpp; name = uservia.cc; path = src/uservia.cc; sourceTree = "<group>"; };
		DCCCC2BD24A33D3600840082 /* via.cc */ = {isa = PBXFileReference; fileEncoding = 4; lastKnownFileType = sourcecode.cpp.cpp; name = via.cc; path = src/via.cc; sourceTree = "<group>"; };
		DCCCC2BE24A33D3700840082 /* video.cc */ = {isa = PBXFileReference; fileEncoding = 4; lastKnownFileType = sourcecode.cpp.cpp; name = video.cc; path = src/video.cc; sourceTree = "<group>"; };
		DCCCC2BF24A33D3700840082 /* z80dis.cc */ = {isa = PBXFileReference; fileEncoding = 4; lastKnownFileType = sourcecode.cpp.cpp; name = z80dis.cc; path = src/z80dis.cc; sourceTree = "<group>"; };
		DCCCC2C024A33D3700840082 /* beebwin.cc */ = {isa = PBXFileReference; fileEncoding = 4; lastKnownFileType = sourcecode.cpp.cpp; name = beebwin.cc; path = src/beebwin.cc; sourceTree = "<group>"; };
		DCCCC2C124A33D3700840082 /* disc1770.cc */ = {isa = PBXFileReference; fileEncoding = 4; lastKnownFileType = sourcecode.cpp.cpp; name = disc1770.cc; path = src/disc1770.cc; sourceTree = "<group>"; };
		DCCCC2C224A33D3700840082 /* GetFile.cc */ = {isa = PBXFileReference; fileEncoding = 4; lastKnownFileType = sourcecode.cpp.cpp; name = GetFile.cc; path = src/GetFile.cc; sourceTree = "<group>"; };
		DCCCC2C324A33D3700840082 /* teletext.cc */ = {isa = PBXFileReference; fileEncoding = 4; lastKnownFileType = sourcecode.cpp.cpp; name = teletext.cc; path = src/teletext.cc; sourceTree = "<group>"; };
		DCCCC2C424A33D3700840082 /* audev-macosx.cc */ = {isa = PBXFileReference; fileEncoding = 4; lastKnownFileType = sourcecode.cpp.cpp; name = "audev-macosx.cc"; path = "src/audev-macosx.cc"; sourceTree = "<group>"; };
		DCCCC2C524A33D3700840082 /* tube.cc */ = {isa = PBXFileReference; fileEncoding = 4; lastKnownFileType = sourcecode.cpp.cpp; name = tube.cc; path = src/tube.cc; sourceTree = "<group>"; };
		DCCCC2C624A33D3700840082 /* sasi.cc */ = {isa = PBXFileReference; fileEncoding = 4; lastKnownFileType = sourcecode.cpp.cpp; name = sasi.cc; path = src/sasi.cc; sourceTree = "<group>"; };
		DCCCC2C724A33D3700840082 /* printing.cc */ = {isa = PBXFileReference; fileEncoding = 4; lastKnownFileType = sourcecode.cpp.cpp; name = printing.cc; path = src/printing.cc; sourceTree = "<group>"; };
		DCCCC2C824A33D3700840082 /* Arm.cc */ = {isa = PBXFileReference; fileEncoding = 4; lastKnownFileType = sourcecode.cpp.cpp; name = Arm.cc; path = src/Arm.cc; sourceTree = "<group>"; };
		DCCCC2C924A33D3700840082 /* z80.cc */ = {isa = PBXFileReference; fileEncoding = 4; lastKnownFileType = sourcecode.cpp.cpp; name = z80.cc; path = src/z80.cc; sourceTree = "<group>"; };
		DCCCC2CA24A33D3700840082 /* beebmem.cc */ = {isa = PBXFileReference; fileEncoding = 4; lastKnownFileType = sourcecode.cpp.cpp; name = beebmem.cc; path = src/beebmem.cc; sourceTree = "<group>"; };
		DCCCC2CB24A33D3700840082 /* main.cc */ = {isa = PBXFileReference; fileEncoding = 4; lastKnownFileType = sourcecode.cpp.cpp; name = main.cc; path = src/main.cc; sourceTree = "<group>"; };
		DCCCC2CD24A33D3700840082 /* uefstate.cc */ = {isa = PBXFileReference; fileEncoding = 4; lastKnownFileType = sourcecode.cpp.cpp; name = uefstate.cc; path = src/uefstate.cc; sourceTree = "<group>"; };
		DCCCC2CE24A33D3700840082 /* disc8271.cc */ = {isa = PBXFileReference; fileEncoding = 4; lastKnownFileType = sourcecode.cpp.cpp; name = disc8271.cc; path = src/disc8271.cc; sourceTree = "<group>"; };
		DCCCC2CF24A33D3700840082 /* sysvia.cc */ = {isa = PBXFileReference; fileEncoding = 4; lastKnownFileType = sourcecode.cpp.cpp; name = sysvia.cc; path = src/sysvia.cc; sourceTree = "<group>"; };
		DCCCC2D024A33D3700840082 /* userkybd.cc */ = {isa = PBXFileReference; fileEncoding = 4; lastKnownFileType = sourcecode.cpp.cpp; name = userkybd.cc; path = src/userkybd.cc; sourceTree = "<group>"; };
		DCCCC2D124A33D3700840082 /* i86.cc */ = {isa = PBXFileReference; fileEncoding = 4; lastKnownFileType = sourcecode.cpp.cpp; name = i86.cc; path = src/i86.cc; sourceTree = "<group>"; };
		DCCCC2D224A33D3700840082 /* atodconv.cc */ = {isa = PBXFileReference; fileEncoding = 4; lastKnownFileType = sourcecode.cpp.cpp; name = atodconv.cc; path = src/atodconv.cc; sourceTree = "<group>"; };
		DCCCC2D324A33D3700840082 /* 6502core.cc */ = {isa = PBXFileReference; fileEncoding = 4; lastKnownFileType = sourcecode.cpp.cpp; name = 6502core.cc; path = src/6502core.cc; sourceTree = "<group>"; };
		DCCCC2D424A33D3700840082 /* beebsound.cc */ = {isa = PBXFileReference; fileEncoding = 4; lastKnownFileType = sourcecode.cpp.cpp; name = beebsound.cc; path = src/beebsound.cc; sourceTree = "<group>"; };
		DCCCC2D524A33D3700840082 /* uef.cc */ = {isa = PBXFileReference; fileEncoding = 4; lastKnownFileType = sourcecode.cpp.cpp; name = uef.cc; path = src/uef.cc; sourceTree = "<group>"; };
		DCCCC2D624A33D3700840082 /* z80_support.cc */ = {isa = PBXFileReference; fileEncoding = 4; lastKnownFileType = sourcecode.cpp.cpp; name = z80_support.cc; path = src/z80_support.cc; sourceTree = "<group>"; };
		DCCCC2D724A33D3700840082 /* scsi.cc */ = {isa = PBXFileReference; fileEncoding = 4; lastKnownFileType = sourcecode.cpp.cpp; name = scsi.cc; path = src/scsi.cc; sourceTree = "<group>"; };
		DCCCC2D824A33D3700840082 /* csw.cc */ = {isa = PBXFileReference; fileEncoding = 4; lastKnownFileType = sourcecode.cpp.cpp; name = csw.cc; path = src/csw.cc; sourceTree = "<group>"; };
		DCCCC2D924A33D3700840082 /* serial.cc */ = {isa = PBXFileReference; fileEncoding = 4; lastKnownFileType = sourcecode.cpp.cpp; name = serial.cc; path = src/serial.cc; sourceTree = "<group>"; };
		DCCCC2DA24A33D3700840082 /* serialdevices.cc */ = {isa = PBXFileReference; fileEncoding = 4; lastKnownFileType = sourcecode.cpp.cpp; name = serialdevices.cc; path = src/serialdevices.cc; sourceTree = "<group>"; };
		DCCCC2DB24A33D3700840082 /* econet.cc */ = {isa = PBXFileReference; fileEncoding = 4; lastKnownFileType = sourcecode.cpp.cpp; name = econet.cc; path = src/econet.cc; sourceTree = "<group>"; };
		DCCCC2DC24A33D3700840082 /* ArmDisassembler.cc */ = {isa = PBXFileReference; fileEncoding = 4; lastKnownFileType = sourcecode.cpp.cpp; name = ArmDisassembler.cc; path = src/ArmDisassembler.cc; sourceTree = "<group>"; };
		DCCCC30424A33E0E00840082 /* defines.h */ = {isa = PBXFileReference; lastKnownFileType = sourcecode.c.h; name = defines.h; path = src/defines.h; sourceTree = "<group>"; };
		DCCCC30524A33E2E00840082 /* Z Random BBC file.icns */ = {isa = PBXFileReference; lastKnownFileType = image.icns; name = "Z Random BBC file.icns"; path = "src/Z Random BBC file.icns"; sourceTree = "<group>"; };
		DCCCC30924A33FDB00840082 /* ViewBeeb.swift */ = {isa = PBXFileReference; lastKnownFileType = sourcecode.swift; path = ViewBeeb.swift; sourceTree = "<group>"; };
		DCCCC30C24A3D79B00840082 /* beebview.cpp */ = {isa = PBXFileReference; lastKnownFileType = sourcecode.cpp.cpp; name = beebview.cpp; path = src/beebview.cpp; sourceTree = "<group>"; };
		DCCCC30E24A3DCC200840082 /* BeebAudio.swift */ = {isa = PBXFileReference; fileEncoding = 4; lastKnownFileType = sourcecode.swift; path = BeebAudio.swift; sourceTree = "<group>"; };
		DCD4ADE724A4D56D0000C40A /* serial.h */ = {isa = PBXFileReference; fileEncoding = 4; lastKnownFileType = sourcecode.c.h; name = serial.h; path = src/serial.h; sourceTree = "<group>"; };
		DCD4ADE824A4D56E0000C40A /* ea.h */ = {isa = PBXFileReference; fileEncoding = 4; lastKnownFileType = sourcecode.c.h; name = ea.h; path = src/ea.h; sourceTree = "<group>"; };
		DCD4ADE924A4D56E0000C40A /* via.h */ = {isa = PBXFileReference; fileEncoding = 4; lastKnownFileType = sourcecode.c.h; name = via.h; path = src/via.h; sourceTree = "<group>"; };
		DCD4ADEA24A4D56E0000C40A /* audev.h */ = {isa = PBXFileReference; fileEncoding = 4; lastKnownFileType = sourcecode.c.h; name = audev.h; path = src/audev.h; sourceTree = "<group>"; };
		DCD4ADEB24A4D56E0000C40A /* tube.h */ = {isa = PBXFileReference; fileEncoding = 4; lastKnownFileType = sourcecode.c.h; name = tube.h; path = src/tube.h; sourceTree = "<group>"; };
		DCD4ADEC24A4D56E0000C40A /* atodconv.h */ = {isa = PBXFileReference; fileEncoding = 4; lastKnownFileType = sourcecode.c.h; name = atodconv.h; path = src/atodconv.h; sourceTree = "<group>"; };
		DCD4ADED24A4D56E0000C40A /* speech.h */ = {isa = PBXFileReference; fileEncoding = 4; lastKnownFileType = sourcecode.c.h; name = speech.h; path = src/speech.h; sourceTree = "<group>"; };
		DCD4ADEE24A4D56E0000C40A /* econet.h */ = {isa = PBXFileReference; fileEncoding = 4; lastKnownFileType = sourcecode.c.h; name = econet.h; path = src/econet.h; sourceTree = "<group>"; };
		DCD4ADEF24A4D56E0000C40A /* csw.h */ = {isa = PBXFileReference; fileEncoding = 4; lastKnownFileType = sourcecode.c.h; name = csw.h; path = src/csw.h; sourceTree = "<group>"; };
		DCD4ADF024A4D56E0000C40A /* osd_cpu.h */ = {isa = PBXFileReference; fileEncoding = 4; lastKnownFileType = sourcecode.c.h; name = osd_cpu.h; path = src/osd_cpu.h; sourceTree = "<group>"; };
		DCD4ADF124A4D56E0000C40A /* beebwin.h */ = {isa = PBXFileReference; fileEncoding = 4; lastKnownFileType = sourcecode.c.h; name = beebwin.h; path = src/beebwin.h; sourceTree = "<group>"; };
		DCD4ADF224A4D56E0000C40A /* discedit.h */ = {isa = PBXFileReference; fileEncoding = 4; lastKnownFileType = sourcecode.c.h; name = discedit.h; path = src/discedit.h; sourceTree = "<group>"; };
		DCD4ADF324A4D56E0000C40A /* uefstate.h */ = {isa = PBXFileReference; fileEncoding = 4; lastKnownFileType = sourcecode.c.h; name = uefstate.h; path = src/uefstate.h; sourceTree = "<group>"; };
		DCD4ADF424A4D56E0000C40A /* userkybd.h */ = {isa = PBXFileReference; fileEncoding = 4; lastKnownFileType = sourcecode.c.h; name = userkybd.h; path = src/userkybd.h; sourceTree = "<group>"; };
		DCD4ADF524A4D56E0000C40A /* Printing.h */ = {isa = PBXFileReference; fileEncoding = 4; lastKnownFileType = sourcecode.c.h; name = Printing.h; path = src/Printing.h; sourceTree = "<group>"; };
		DCD4ADF624A4D56E0000C40A /* plist.h */ = {isa = PBXFileReference; fileEncoding = 4; lastKnownFileType = sourcecode.c.h; name = plist.h; path = src/plist.h; sourceTree = "<group>"; };
		DCD4ADF724A4D56E0000C40A /* disc8271.h */ = {isa = PBXFileReference; fileEncoding = 4; lastKnownFileType = sourcecode.c.h; name = disc8271.h; path = src/disc8271.h; sourceTree = "<group>"; };
		DCD4ADF824A4D56E0000C40A /* ArmDisassembler.h */ = {isa = PBXFileReference; fileEncoding = 4; lastKnownFileType = sourcecode.c.h; name = ArmDisassembler.h; path = src/ArmDisassembler.h; sourceTree = "<group>"; };
		DCD4ADF924A4D56E0000C40A /* GetFile.h */ = {isa = PBXFileReference; fileEncoding = 4; lastKnownFileType = sourcecode.c.h; name = GetFile.h; path = src/GetFile.h; sourceTree = "<group>"; };
		DCD4ADFA24A4D56E0000C40A /* disc1770.h */ = {isa = PBXFileReference; fileEncoding = 4; lastKnownFileType = sourcecode.c.h; name = disc1770.h; path = src/disc1770.h; sourceTree = "<group>"; };
		DCD4ADFB24A4D56E0000C40A /* serialdevices.h */ = {isa = PBXFileReference; fileEncoding = 4; lastKnownFileType = sourcecode.c.h; name = serialdevices.h; path = src/serialdevices.h; sourceTree = "<group>"; };
		DCD4ADFC24A4D56E0000C40A /* 6502core.h */ = {isa = PBXFileReference; fileEncoding = 4; lastKnownFileType = sourcecode.c.h; name = 6502core.h; path = src/6502core.h; sourceTree = "<group>"; };
		DCD4ADFD24A4D56E0000C40A /* uef.h */ = {isa = PBXFileReference; fileEncoding = 4; lastKnownFileType = sourcecode.c.h; name = uef.h; path = src/uef.h; sourceTree = "<group>"; };
		DCD4ADFE24A4D56E0000C40A /* scsi.h */ = {isa = PBXFileReference; fileEncoding = 4; lastKnownFileType = sourcecode.c.h; name = scsi.h; path = src/scsi.h; sourceTree = "<group>"; };
		DCD4ADFF24A4D56E0000C40A /* video.h */ = {isa = PBXFileReference; fileEncoding = 4; lastKnownFileType = sourcecode.c.h; name = video.h; path = src/video.h; sourceTree = "<group>"; };
		DCD4AE0024A4D56F0000C40A /* beebsound.h */ = {isa = PBXFileReference; fileEncoding = 4; lastKnownFileType = sourcecode.c.h; name = beebsound.h; path = src/beebsound.h; sourceTree = "<group>"; };
		DCD4AE0124A4D56F0000C40A /* i86.h */ = {isa = PBXFileReference; fileEncoding = 4; lastKnownFileType = sourcecode.c.h; name = i86.h; path = src/i86.h; sourceTree = "<group>"; };
		DCD4AE0224A4D56F0000C40A /* Arm.h */ = {isa = PBXFileReference; fileEncoding = 4; lastKnownFileType = sourcecode.c.h; name = Arm.h; path = src/Arm.h; sourceTree = "<group>"; };
		DCD4AE0324A4D56F0000C40A /* sasi.h */ = {isa = PBXFileReference; fileEncoding = 4; lastKnownFileType = sourcecode.c.h; name = sasi.h; path = src/sasi.h; sourceTree = "<group>"; };
		DCD4AE0424A4D56F0000C40A /* uservia.h */ = {isa = PBXFileReference; fileEncoding = 4; lastKnownFileType = sourcecode.c.h; name = uservia.h; path = src/uservia.h; sourceTree = "<group>"; };
		DCD4AE0524A4D56F0000C40A /* main.h */ = {isa = PBXFileReference; fileEncoding = 4; lastKnownFileType = sourcecode.c.h; name = main.h; path = src/main.h; sourceTree = "<group>"; };
		DCD4AE0624A4D56F0000C40A /* teletext.h */ = {isa = PBXFileReference; fileEncoding = 4; lastKnownFileType = sourcecode.c.h; name = teletext.h; path = src/teletext.h; sourceTree = "<group>"; };
		DCD4AE0724A4D56F0000C40A /* beebstate.h */ = {isa = PBXFileReference; fileEncoding = 4; lastKnownFileType = sourcecode.c.h; name = beebstate.h; path = src/beebstate.h; sourceTree = "<group>"; };
		DCD4AE0824A4D56F0000C40A /* port.h */ = {isa = PBXFileReference; fileEncoding = 4; lastKnownFileType = sourcecode.c.h; name = port.h; path = src/port.h; sourceTree = "<group>"; };
		DCD4AE0924A4D56F0000C40A /* common.h */ = {isa = PBXFileReference; fileEncoding = 4; lastKnownFileType = sourcecode.c.h; name = common.h; path = src/common.h; sourceTree = "<group>"; };
		DCD4AE0A24A4D56F0000C40A /* sysvia.h */ = {isa = PBXFileReference; fileEncoding = 4; lastKnownFileType = sourcecode.c.h; name = sysvia.h; path = src/sysvia.h; sourceTree = "<group>"; };
		DCD4AE0B24A4D56F0000C40A /* TarmacGlobals.h */ = {isa = PBXFileReference; fileEncoding = 4; lastKnownFileType = sourcecode.c.h; name = TarmacGlobals.h; path = src/TarmacGlobals.h; sourceTree = "<group>"; };
		DCD4AE0C24A4D56F0000C40A /* beebmem.h */ = {isa = PBXFileReference; fileEncoding = 4; lastKnownFileType = sourcecode.c.h; name = beebmem.h; path = src/beebmem.h; sourceTree = "<group>"; };
		DCD4AE0D24A4D56F0000C40A /* z80.h */ = {isa = PBXFileReference; fileEncoding = 4; lastKnownFileType = sourcecode.c.h; name = z80.h; path = src/z80.h; sourceTree = "<group>"; };
		DCD4AE0E24A4D56F0000C40A /* instr86.h */ = {isa = PBXFileReference; fileEncoding = 4; lastKnownFileType = sourcecode.c.h; name = instr86.h; path = src/instr86.h; sourceTree = "<group>"; };
		DCD4AE0F24A4D5700000C40A /* viastate.h */ = {isa = PBXFileReference; fileEncoding = 4; lastKnownFileType = sourcecode.c.h; name = viastate.h; path = src/viastate.h; sourceTree = "<group>"; };
		DCD4AE1024A4D5700000C40A /* z80mem.h */ = {isa = PBXFileReference; fileEncoding = 4; lastKnownFileType = sourcecode.c.h; name = z80mem.h; path = src/z80mem.h; sourceTree = "<group>"; };
		DCD4AE1124A4D5700000C40A /* debug.h */ = {isa = PBXFileReference; fileEncoding = 4; lastKnownFileType = sourcecode.c.h; name = debug.h; path = src/debug.h; sourceTree = "<group>"; };
		DCD4AE1224A4D5700000C40A /* mode7font.h */ = {isa = PBXFileReference; fileEncoding = 4; lastKnownFileType = sourcecode.c.h; name = mode7font.h; path = src/mode7font.h; sourceTree = "<group>"; };
		DCE7B8B624B09D2300FF4CFB /* beebem5-distribution.zip */ = {isa = PBXFileReference; lastKnownFileType = archive.zip; path = "beebem5-distribution.zip"; sourceTree = "<group>"; };
		DCF69F3024B325BF006D0DE9 /* BeebEm5-Bridging-Code.swift */ = {isa = PBXFileReference; lastKnownFileType = sourcecode.swift; path = "BeebEm5-Bridging-Code.swift"; sourceTree = "<group>"; };
/* End PBXFileReference section */

/* Begin PBXFrameworksBuildPhase section */
		DCCCC29824A338ED00840082 /* Frameworks */ = {
			isa = PBXFrameworksBuildPhase;
			buildActionMask = 2147483647;
			files = (
				DC6A476B24A54DA3007E4276 /* CoreFoundation.framework in Frameworks */,
				DC6A476924A54541007E4276 /* libz.tbd in Frameworks */,
			);
			runOnlyForDeploymentPostprocessing = 0;
		};
/* End PBXFrameworksBuildPhase section */

/* Begin PBXGroup section */
		DC6A476724A54540007E4276 /* Frameworks */ = {
			isa = PBXGroup;
			children = (
				DC6A476A24A54DA3007E4276 /* CoreFoundation.framework */,
				DC6A476824A54541007E4276 /* libz.tbd */,
			);
			name = Frameworks;
			sourceTree = "<group>";
		};
		DC85C5E924AB1BC300CCD72E /* ini */ = {
			isa = PBXGroup;
			children = (
				DC85C5EC24AB1BE300CCD72E /* beebem.ini */,
				DC85C5EE24AB1BE300CCD72E /* COPYRIGHT.txt */,
				DC85C5F124AB1BE300CCD72E /* Econet.cfg */,
				DC85C5EB24AB1BE300CCD72E /* Phroms.cfg */,
				DC85C5EF24AB1BE300CCD72E /* README_MAC.txt */,
				DC85C5ED24AB1BE300CCD72E /* README.txt */,
				DC85C5F024AB1BE300CCD72E /* Roms_Torch.cfg */,
				DC85C5EA24AB1BE300CCD72E /* Roms.cfg */,
			);
			name = ini;
			sourceTree = "<group>";
		};
		DCCCC29224A338ED00840082 = {
			isa = PBXGroup;
			children = (
				DCE7B8B624B09D2300FF4CFB /* beebem5-distribution.zip */,
				DC85C5E924AB1BC300CCD72E /* ini */,
				DCD4ADE624A4D54A0000C40A /* Headers */,
				DCCCC30324A33D4400840082 /* Bridging */,
				DCCCC2B524A33A3000840082 /* Sources */,
				DCCCC2B024A338FB00840082 /* Resources */,
				DCCCC29D24A338ED00840082 /* BeebEm5 */,
				DCCCC29C24A338ED00840082 /* Products */,
				DC6A476724A54540007E4276 /* Frameworks */,
			);
			sourceTree = "<group>";
		};
		DCCCC29C24A338ED00840082 /* Products */ = {
			isa = PBXGroup;
			children = (
				DCCCC29B24A338ED00840082 /* BeebEm5.app */,
			);
			name = Products;
			sourceTree = "<group>";
		};
		DCCCC29D24A338ED00840082 /* BeebEm5 */ = {
			isa = PBXGroup;
			children = (
				DCCCC30E24A3DCC200840082 /* BeebAudio.swift */,
				DCCCC29E24A338ED00840082 /* AppDelegate.swift */,
				DC907FDC24B52C8200B99036 /* TapeControlViewController.swift */,
				DCF69F3024B325BF006D0DE9 /* BeebEm5-Bridging-Code.swift */,
				DCCCC30924A33FDB00840082 /* ViewBeeb.swift */,
				DCCCC2A224A338ED00840082 /* Document.swift */,
				DCCCC2A424A338EE00840082 /* Assets.xcassets */,
				DCCCC2A624A338EE00840082 /* Main.storyboard */,
				DCCCC2A924A338EE00840082 /* Info.plist */,
				DCCCC2AA24A338EE00840082 /* BeebEm5.entitlements */,
			);
			path = BeebEm5;
			sourceTree = "<group>";
		};
		DCCCC2B024A338FB00840082 /* Resources */ = {
			isa = PBXGroup;
			children = (
				DCCCC2B224A3395F00840082 /* DFS image.icns */,
				DCCCC30524A33E2E00840082 /* Z Random BBC file.icns */,
			);
			name = Resources;
			sourceTree = "<group>";
		};
		DCCCC2B524A33A3000840082 /* Sources */ = {
			isa = PBXGroup;
			children = (
				DCCCC2D324A33D3700840082 /* 6502core.cc */,
				DCCCC2C824A33D3700840082 /* Arm.cc */,
				DCCCC2DC24A33D3700840082 /* ArmDisassembler.cc */,
				DCCCC2D224A33D3700840082 /* atodconv.cc */,
				DCCCC2C424A33D3700840082 /* audev-macosx.cc */,
				DCCCC2CA24A33D3700840082 /* beebmem.cc */,
				DCCCC2D424A33D3700840082 /* beebsound.cc */,
				DCCCC2C024A33D3700840082 /* beebwin.cc */,
				DCCCC2D824A33D3700840082 /* csw.cc */,
				DCCCC2B824A33D3600840082 /* debug.cc */,
				DCCCC2C124A33D3700840082 /* disc1770.cc */,
				DCCCC2CE24A33D3700840082 /* disc8271.cc */,
				DCCCC2B724A33D3600840082 /* discedit.cc */,
				DCCCC2DB24A33D3700840082 /* econet.cc */,
				DCCCC2C224A33D3700840082 /* GetFile.cc */,
				DCCCC2D124A33D3700840082 /* i86.cc */,
				DCCCC2BA24A33D3600840082 /* i386dasm.cc */,
				DCCCC2CB24A33D3700840082 /* main.cc */,
				DCCCC2B924A33D3600840082 /* plist.cc */,
				DCCCC2C724A33D3700840082 /* printing.cc */,
				DCCCC2C624A33D3700840082 /* sasi.cc */,
				DCCCC2D724A33D3700840082 /* scsi.cc */,
				DCCCC2D924A33D3700840082 /* serial.cc */,
				DCCCC2DA24A33D3700840082 /* serialdevices.cc */,
				DCCCC2BB24A33D3600840082 /* speech.cc */,
				DCCCC2CF24A33D3700840082 /* sysvia.cc */,
				DCCCC2C324A33D3700840082 /* teletext.cc */,
				DCCCC2C524A33D3700840082 /* tube.cc */,
				DCCCC2D524A33D3700840082 /* uef.cc */,
				DCCCC2CD24A33D3700840082 /* uefstate.cc */,
				DCCCC2D024A33D3700840082 /* userkybd.cc */,
				DCCCC2BC24A33D3600840082 /* uservia.cc */,
				DCCCC2BD24A33D3600840082 /* via.cc */,
				DCCCC2BE24A33D3700840082 /* video.cc */,
				DCCCC2D624A33D3700840082 /* z80_support.cc */,
				DCCCC2C924A33D3700840082 /* z80.cc */,
				DCCCC2BF24A33D3700840082 /* z80dis.cc */,
				DCCCC30424A33E0E00840082 /* defines.h */,
				DCCCC30C24A3D79B00840082 /* beebview.cpp */,
			);
			name = Sources;
			sourceTree = "<group>";
		};
		DCCCC30324A33D4400840082 /* Bridging */ = {
			isa = PBXGroup;
			children = (
				DCCCC2B624A33D3600840082 /* BeebEm5-Bridging-Header.h */,
			);
			name = Bridging;
			sourceTree = "<group>";
		};
		DCD4ADE624A4D54A0000C40A /* Headers */ = {
			isa = PBXGroup;
			children = (
				DCD4ADFC24A4D56E0000C40A /* 6502core.h */,
				DCD4AE0224A4D56F0000C40A /* Arm.h */,
				DCD4ADF824A4D56E0000C40A /* ArmDisassembler.h */,
				DCD4ADEC24A4D56E0000C40A /* atodconv.h */,
				DCD4ADEA24A4D56E0000C40A /* audev.h */,
				DCD4AE0C24A4D56F0000C40A /* beebmem.h */,
				DCD4AE0024A4D56F0000C40A /* beebsound.h */,
				DCD4AE0724A4D56F0000C40A /* beebstate.h */,
				DCD4ADF124A4D56E0000C40A /* beebwin.h */,
				DCD4AE0924A4D56F0000C40A /* common.h */,
				DCD4ADEF24A4D56E0000C40A /* csw.h */,
				DCD4AE1124A4D5700000C40A /* debug.h */,
				DCD4ADFA24A4D56E0000C40A /* disc1770.h */,
				DCD4ADF724A4D56E0000C40A /* disc8271.h */,
				DCD4ADF224A4D56E0000C40A /* discedit.h */,
				DCD4ADE824A4D56E0000C40A /* ea.h */,
				DCD4ADEE24A4D56E0000C40A /* econet.h */,
				DCD4ADF924A4D56E0000C40A /* GetFile.h */,
				DCD4AE0124A4D56F0000C40A /* i86.h */,
				DCD4AE0E24A4D56F0000C40A /* instr86.h */,
				DCD4AE0524A4D56F0000C40A /* main.h */,
				DCD4AE1224A4D5700000C40A /* mode7font.h */,
				DCD4ADF024A4D56E0000C40A /* osd_cpu.h */,
				DCD4ADF624A4D56E0000C40A /* plist.h */,
				DCD4AE0824A4D56F0000C40A /* port.h */,
				DCD4ADF524A4D56E0000C40A /* Printing.h */,
				DCD4AE0324A4D56F0000C40A /* sasi.h */,
				DCD4ADFE24A4D56E0000C40A /* scsi.h */,
				DCD4ADE724A4D56D0000C40A /* serial.h */,
				DCD4ADFB24A4D56E0000C40A /* serialdevices.h */,
				DCD4ADED24A4D56E0000C40A /* speech.h */,
				DCD4AE0A24A4D56F0000C40A /* sysvia.h */,
				DCD4AE0B24A4D56F0000C40A /* TarmacGlobals.h */,
				DCD4AE0624A4D56F0000C40A /* teletext.h */,
				DCD4ADEB24A4D56E0000C40A /* tube.h */,
				DCD4ADFD24A4D56E0000C40A /* uef.h */,
				DCD4ADF324A4D56E0000C40A /* uefstate.h */,
				DCD4ADF424A4D56E0000C40A /* userkybd.h */,
				DCD4AE0424A4D56F0000C40A /* uservia.h */,
				DCD4ADE924A4D56E0000C40A /* via.h */,
				DCD4AE0F24A4D5700000C40A /* viastate.h */,
				DCD4ADFF24A4D56E0000C40A /* video.h */,
				DCD4AE0D24A4D56F0000C40A /* z80.h */,
				DCD4AE1024A4D5700000C40A /* z80mem.h */,
			);
			name = Headers;
			sourceTree = "<group>";
		};
/* End PBXGroup section */

/* Begin PBXNativeTarget section */
		DCCCC29A24A338ED00840082 /* BeebEm5 */ = {
			isa = PBXNativeTarget;
			buildConfigurationList = DCCCC2AD24A338EE00840082 /* Build configuration list for PBXNativeTarget "BeebEm5" */;
			buildPhases = (
				DCCCC29724A338ED00840082 /* Sources */,
				DCCCC29824A338ED00840082 /* Frameworks */,
				DCCCC29924A338ED00840082 /* Resources */,
			);
			buildRules = (
			);
			dependencies = (
			);
			name = BeebEm5;
			productName = BeebEm5;
			productReference = DCCCC29B24A338ED00840082 /* BeebEm5.app */;
			productType = "com.apple.product-type.application";
		};
/* End PBXNativeTarget section */

/* Begin PBXProject section */
		DCCCC29324A338ED00840082 /* Project object */ = {
			isa = PBXProject;
			attributes = {
				LastSwiftUpdateCheck = 1140;
				LastUpgradeCheck = 1140;
				ORGANIZATIONNAME = "Andrew Hague";
				TargetAttributes = {
					DCCCC29A24A338ED00840082 = {
						CreatedOnToolsVersion = 11.4.1;
						LastSwiftMigration = 1140;
					};
				};
			};
			buildConfigurationList = DCCCC29624A338ED00840082 /* Build configuration list for PBXProject "BeebEm5" */;
			compatibilityVersion = "Xcode 9.3";
			developmentRegion = en;
			hasScannedForEncodings = 0;
			knownRegions = (
				en,
				Base,
			);
			mainGroup = DCCCC29224A338ED00840082;
			productRefGroup = DCCCC29C24A338ED00840082 /* Products */;
			projectDirPath = "";
			projectRoot = "";
			targets = (
				DCCCC29A24A338ED00840082 /* BeebEm5 */,
			);
		};
/* End PBXProject section */

/* Begin PBXResourcesBuildPhase section */
		DCCCC29924A338ED00840082 /* Resources */ = {
			isa = PBXResourcesBuildPhase;
			buildActionMask = 2147483647;
			files = (
				DCCCC2A524A338EE00840082 /* Assets.xcassets in Resources */,
				DC85C5F324AB1BE300CCD72E /* Phroms.cfg in Resources */,
				DCE7B8B724B09D2300FF4CFB /* beebem5-distribution.zip in Resources */,
				DC85C5F724AB1BE300CCD72E /* README_MAC.txt in Resources */,
				DC85C5F224AB1BE300CCD72E /* Roms.cfg in Resources */,
				DC85C5F824AB1BE300CCD72E /* Roms_Torch.cfg in Resources */,
				DCCCC2B424A3395F00840082 /* DFS image.icns in Resources */,
				DC85C5F924AB1BE300CCD72E /* Econet.cfg in Resources */,
				DC85C5F424AB1BE300CCD72E /* beebem.ini in Resources */,
				DC85C5F624AB1BE300CCD72E /* COPYRIGHT.txt in Resources */,
				DCCCC2A824A338EE00840082 /* Main.storyboard in Resources */,
				DC85C5F524AB1BE300CCD72E /* README.txt in Resources */,
				DCCCC30624A33E2E00840082 /* Z Random BBC file.icns in Resources */,
			);
			runOnlyForDeploymentPostprocessing = 0;
		};
/* End PBXResourcesBuildPhase section */

/* Begin PBXSourcesBuildPhase section */
		DCCCC29724A338ED00840082 /* Sources */ = {
			isa = PBXSourcesBuildPhase;
			buildActionMask = 2147483647;
			files = (
				DCD4AE2424A4D6970000C40A /* main.cc in Sources */,
				DCD4AE1B24A4D6970000C40A /* csw.cc in Sources */,
				DCD4AE1F24A4D6970000C40A /* discedit.cc in Sources */,
				DCD4AE1324A4D6970000C40A /* 6502core.cc in Sources */,
				DC907FDD24B52C8200B99036 /* TapeControlViewController.swift in Sources */,
				DCD4AE1924A4D6970000C40A /* beebsound.cc in Sources */,
				DCD4AE1C24A4D6970000C40A /* debug.cc in Sources */,
				DCD4AE2924A4D6970000C40A /* serial.cc in Sources */,
				DCD4AE1624A4D6970000C40A /* atodconv.cc in Sources */,
				DCD4AE2F24A4D6970000C40A /* uef.cc in Sources */,
				DCD4AE3424A4D6970000C40A /* video.cc in Sources */,
				DCD4AE2B24A4D6970000C40A /* speech.cc in Sources */,
				DCF69F3124B325BF006D0DE9 /* BeebEm5-Bridging-Code.swift in Sources */,
				DCD4AE2024A4D6970000C40A /* econet.cc in Sources */,
				DCD4AE3324A4D6970000C40A /* via.cc in Sources */,
				DCD4AE3224A4D6970000C40A /* uservia.cc in Sources */,
				DCD4AE1A24A4D6970000C40A /* beebwin.cc in Sources */,
				DCD4AE2224A4D6970000C40A /* i86.cc in Sources */,
				DCD4AE2524A4D6970000C40A /* plist.cc in Sources */,
				DCD4AE1824A4D6970000C40A /* beebmem.cc in Sources */,
				DCCCC30B24A3441800840082 /* Document.swift in Sources */,
				DC43595124B62F4F002624FE /* serialdevices.cc in Sources */,
				DCD4AE3524A4D6970000C40A /* z80_support.cc in Sources */,
				DC6A476624A541F1007E4276 /* ArmDisassembler.cc in Sources */,
				DCD4AE1724A4D6970000C40A /* audev-macosx.cc in Sources */,
				DCD4AE2E24A4D6970000C40A /* tube.cc in Sources */,
				DCD4AE3724A4D6970000C40A /* z80dis.cc in Sources */,
				DCD4AE2D24A4D6970000C40A /* teletext.cc in Sources */,
				DCD4AE2324A4D6970000C40A /* i386dasm.cc in Sources */,
				DCD4AE1D24A4D6970000C40A /* disc1770.cc in Sources */,
				DC6A476524A54160007E4276 /* Arm.cc in Sources */,
				DCD4AE3124A4D6970000C40A /* userkybd.cc in Sources */,
				DCCCC30F24A3DCC200840082 /* BeebAudio.swift in Sources */,
				DCD4AE1E24A4D6970000C40A /* disc8271.cc in Sources */,
				DCCCC29F24A338ED00840082 /* AppDelegate.swift in Sources */,
				DCD4AE2724A4D6970000C40A /* sasi.cc in Sources */,
				DCD4AE2C24A4D6970000C40A /* sysvia.cc in Sources */,
				DCD4AE3024A4D6970000C40A /* uefstate.cc in Sources */,
				DCD4AE3624A4D6970000C40A /* z80.cc in Sources */,
				DCD4AE2824A4D6970000C40A /* scsi.cc in Sources */,
				DCCCC30D24A3D79B00840082 /* beebview.cpp in Sources */,
				DCCCC30A24A33FDB00840082 /* ViewBeeb.swift in Sources */,
			);
			runOnlyForDeploymentPostprocessing = 0;
		};
/* End PBXSourcesBuildPhase section */

/* Begin PBXVariantGroup section */
		DCCCC2A624A338EE00840082 /* Main.storyboard */ = {
			isa = PBXVariantGroup;
			children = (
				DCCCC2A724A338EE00840082 /* Base */,
			);
			name = Main.storyboard;
			sourceTree = "<group>";
		};
/* End PBXVariantGroup section */

/* Begin XCBuildConfiguration section */
		DCCCC2AB24A338EE00840082 /* Debug */ = {
			isa = XCBuildConfiguration;
			buildSettings = {
				ALWAYS_SEARCH_USER_PATHS = NO;
				CLANG_ANALYZER_NONNULL = YES;
				CLANG_ANALYZER_NUMBER_OBJECT_CONVERSION = YES_AGGRESSIVE;
				CLANG_CXX_LANGUAGE_STANDARD = "gnu++14";
				CLANG_CXX_LIBRARY = "libc++";
				CLANG_ENABLE_MODULES = YES;
				CLANG_ENABLE_OBJC_ARC = YES;
				CLANG_ENABLE_OBJC_WEAK = YES;
				CLANG_WARN_BLOCK_CAPTURE_AUTORELEASING = YES;
				CLANG_WARN_BOOL_CONVERSION = YES;
				CLANG_WARN_COMMA = YES;
				CLANG_WARN_CONSTANT_CONVERSION = YES;
				CLANG_WARN_DEPRECATED_OBJC_IMPLEMENTATIONS = YES;
				CLANG_WARN_DIRECT_OBJC_ISA_USAGE = YES_ERROR;
				CLANG_WARN_DOCUMENTATION_COMMENTS = YES;
				CLANG_WARN_EMPTY_BODY = YES;
				CLANG_WARN_ENUM_CONVERSION = YES;
				CLANG_WARN_INFINITE_RECURSION = YES;
				CLANG_WARN_INT_CONVERSION = YES;
				CLANG_WARN_NON_LITERAL_NULL_CONVERSION = YES;
				CLANG_WARN_OBJC_IMPLICIT_RETAIN_SELF = YES;
				CLANG_WARN_OBJC_LITERAL_CONVERSION = YES;
				CLANG_WARN_OBJC_ROOT_CLASS = YES_ERROR;
				CLANG_WARN_RANGE_LOOP_ANALYSIS = YES;
				CLANG_WARN_STRICT_PROTOTYPES = YES;
				CLANG_WARN_SUSPICIOUS_MOVE = YES;
				CLANG_WARN_UNGUARDED_AVAILABILITY = YES_AGGRESSIVE;
				CLANG_WARN_UNREACHABLE_CODE = YES;
				CLANG_WARN__DUPLICATE_METHOD_MATCH = YES;
				COPY_PHASE_STRIP = NO;
				DEBUG_INFORMATION_FORMAT = dwarf;
				ENABLE_STRICT_OBJC_MSGSEND = YES;
				ENABLE_TESTABILITY = YES;
				GCC_C_LANGUAGE_STANDARD = gnu11;
				GCC_DYNAMIC_NO_PIC = NO;
				GCC_NO_COMMON_BLOCKS = YES;
				GCC_OPTIMIZATION_LEVEL = 0;
				GCC_PREPROCESSOR_DEFINITIONS = (
					SOUNDSUPPORT,
					"DEBUG=1",
					"$(inherited)",
				);
				GCC_WARN_64_TO_32_BIT_CONVERSION = YES;
				GCC_WARN_ABOUT_RETURN_TYPE = YES_ERROR;
				GCC_WARN_UNDECLARED_SELECTOR = YES;
				GCC_WARN_UNINITIALIZED_AUTOS = YES_AGGRESSIVE;
				GCC_WARN_UNUSED_FUNCTION = YES;
				GCC_WARN_UNUSED_VARIABLE = YES;
				MACOSX_DEPLOYMENT_TARGET = 10.11;
				MTL_ENABLE_DEBUG_INFO = INCLUDE_SOURCE;
				MTL_FAST_MATH = YES;
				ONLY_ACTIVE_ARCH = YES;
				SDKROOT = macosx;
				SWIFT_ACTIVE_COMPILATION_CONDITIONS = DEBUG;
				SWIFT_OPTIMIZATION_LEVEL = "-Onone";
			};
			name = Debug;
		};
		DCCCC2AC24A338EE00840082 /* Release */ = {
			isa = XCBuildConfiguration;
			buildSettings = {
				ALWAYS_SEARCH_USER_PATHS = NO;
				CLANG_ANALYZER_NONNULL = YES;
				CLANG_ANALYZER_NUMBER_OBJECT_CONVERSION = YES_AGGRESSIVE;
				CLANG_CXX_LANGUAGE_STANDARD = "gnu++14";
				CLANG_CXX_LIBRARY = "libc++";
				CLANG_ENABLE_MODULES = YES;
				CLANG_ENABLE_OBJC_ARC = YES;
				CLANG_ENABLE_OBJC_WEAK = YES;
				CLANG_WARN_BLOCK_CAPTURE_AUTORELEASING = YES;
				CLANG_WARN_BOOL_CONVERSION = YES;
				CLANG_WARN_COMMA = YES;
				CLANG_WARN_CONSTANT_CONVERSION = YES;
				CLANG_WARN_DEPRECATED_OBJC_IMPLEMENTATIONS = YES;
				CLANG_WARN_DIRECT_OBJC_ISA_USAGE = YES_ERROR;
				CLANG_WARN_DOCUMENTATION_COMMENTS = YES;
				CLANG_WARN_EMPTY_BODY = YES;
				CLANG_WARN_ENUM_CONVERSION = YES;
				CLANG_WARN_INFINITE_RECURSION = YES;
				CLANG_WARN_INT_CONVERSION = YES;
				CLANG_WARN_NON_LITERAL_NULL_CONVERSION = YES;
				CLANG_WARN_OBJC_IMPLICIT_RETAIN_SELF = YES;
				CLANG_WARN_OBJC_LITERAL_CONVERSION = YES;
				CLANG_WARN_OBJC_ROOT_CLASS = YES_ERROR;
				CLANG_WARN_RANGE_LOOP_ANALYSIS = YES;
				CLANG_WARN_STRICT_PROTOTYPES = YES;
				CLANG_WARN_SUSPICIOUS_MOVE = YES;
				CLANG_WARN_UNGUARDED_AVAILABILITY = YES_AGGRESSIVE;
				CLANG_WARN_UNREACHABLE_CODE = YES;
				CLANG_WARN__DUPLICATE_METHOD_MATCH = YES;
				COPY_PHASE_STRIP = NO;
				DEBUG_INFORMATION_FORMAT = "dwarf-with-dsym";
				ENABLE_NS_ASSERTIONS = NO;
				ENABLE_STRICT_OBJC_MSGSEND = YES;
				GCC_C_LANGUAGE_STANDARD = gnu11;
				GCC_NO_COMMON_BLOCKS = YES;
				GCC_PREPROCESSOR_DEFINITIONS = SOUNDSUPPORT;
				GCC_WARN_64_TO_32_BIT_CONVERSION = YES;
				GCC_WARN_ABOUT_RETURN_TYPE = YES_ERROR;
				GCC_WARN_UNDECLARED_SELECTOR = YES;
				GCC_WARN_UNINITIALIZED_AUTOS = YES_AGGRESSIVE;
				GCC_WARN_UNUSED_FUNCTION = YES;
				GCC_WARN_UNUSED_VARIABLE = YES;
				MACOSX_DEPLOYMENT_TARGET = 10.11;
				MTL_ENABLE_DEBUG_INFO = NO;
				MTL_FAST_MATH = YES;
				SDKROOT = macosx;
				SWIFT_COMPILATION_MODE = wholemodule;
				SWIFT_OPTIMIZATION_LEVEL = "-O";
			};
			name = Release;
		};
		DCCCC2AE24A338EE00840082 /* Debug */ = {
			isa = XCBuildConfiguration;
			buildSettings = {
				ASSETCATALOG_COMPILER_APPICON_NAME = AppIcon;
				CLANG_ENABLE_MODULES = YES;
				CODE_SIGN_ENTITLEMENTS = BeebEm5/BeebEm5.entitlements;
				CODE_SIGN_STYLE = Automatic;
				COMBINE_HIDPI_IMAGES = YES;
				INFOPLIST_FILE = BeebEm5/Info.plist;
				LD_RUNPATH_SEARCH_PATHS = (
					"$(inherited)",
					"@executable_path/../Frameworks",
				);
				MARKETING_VERSION = 5.0;
				PRODUCT_BUNDLE_IDENTIFIER = com.commandercoder.BeebEm5;
				PRODUCT_NAME = "$(TARGET_NAME)";
				SWIFT_OBJC_BRIDGING_HEADER = "BeebEm5-Bridging-Header.h";
				SWIFT_OPTIMIZATION_LEVEL = "-Onone";
				SWIFT_VERSION = 5.0;
			};
			name = Debug;
		};
		DCCCC2AF24A338EE00840082 /* Release */ = {
			isa = XCBuildConfiguration;
			buildSettings = {
				ASSETCATALOG_COMPILER_APPICON_NAME = AppIcon;
				CLANG_ENABLE_MODULES = YES;
				CODE_SIGN_ENTITLEMENTS = BeebEm5/BeebEm5.entitlements;
				CODE_SIGN_STYLE = Automatic;
				COMBINE_HIDPI_IMAGES = YES;
				INFOPLIST_FILE = BeebEm5/Info.plist;
				LD_RUNPATH_SEARCH_PATHS = (
					"$(inherited)",
					"@executable_path/../Frameworks",
				);
				MARKETING_VERSION = 5.0;
				PRODUCT_BUNDLE_IDENTIFIER = com.commandercoder.BeebEm5;
				PRODUCT_NAME = "$(TARGET_NAME)";
				SWIFT_OBJC_BRIDGING_HEADER = "BeebEm5-Bridging-Header.h";
				SWIFT_VERSION = 5.0;
			};
			name = Release;
		};
/* End XCBuildConfiguration section */

/* Begin XCConfigurationList section */
		DCCCC29624A338ED00840082 /* Build configuration list for PBXProject "BeebEm5" */ = {
			isa = XCConfigurationList;
			buildConfigurations = (
				DCCCC2AB24A338EE00840082 /* Debug */,
				DCCCC2AC24A338EE00840082 /* Release */,
			);
			defaultConfigurationIsVisible = 0;
			defaultConfigurationName = Release;
		};
		DCCCC2AD24A338EE00840082 /* Build configuration list for PBXNativeTarget "BeebEm5" */ = {
			isa = XCConfigurationList;
			buildConfigurations = (
				DCCCC2AE24A338EE00840082 /* Debug */,
				DCCCC2AF24A338EE00840082 /* Release */,
			);
			defaultConfigurationIsVisible = 0;
			defaultConfigurationName = Release;
		};
/* End XCConfigurationList section */
	};
	rootObject = DCCCC29324A338ED00840082 /* Project object */;
}
